// !$*UTF8*$!
{
	archiveVersion = 1;
	classes = {
	};
	objectVersion = 56;
	objects = {

/* Begin PBXBuildFile section */
		0C102B5B2B9A993D0050E7EC /* FirebaseAuth in Frameworks */ = {isa = PBXBuildFile; productRef = 0C102B5A2B9A993D0050E7EC /* FirebaseAuth */; };
		0CD79F862BB74F7F00AC423E /* FirebaseDatabase in Frameworks */ = {isa = PBXBuildFile; productRef = 0CD79F852BB74F7F00AC423E /* FirebaseDatabase */; };
		0CD79F882BB74F7F00AC423E /* FirebaseDatabaseSwift in Frameworks */ = {isa = PBXBuildFile; productRef = 0CD79F872BB74F7F00AC423E /* FirebaseDatabaseSwift */; };
		0CE39C922BB77AD300D32E6B /* DatabaseViewController.swift in Sources */ = {isa = PBXBuildFile; fileRef = 0CE39C912BB77AD300D32E6B /* DatabaseViewController.swift */; };
		0CE39C942BB7808500D32E6B /* UserPrefsModel.swift in Sources */ = {isa = PBXBuildFile; fileRef = 0CE39C932BB7808500D32E6B /* UserPrefsModel.swift */; };
		0CF154F62B92A6DD002E84D0 /* LoginViewController.swift in Sources */ = {isa = PBXBuildFile; fileRef = 0CF154F52B92A6DD002E84D0 /* LoginViewController.swift */; };
		0CF154F82B92A966002E84D0 /* HomeViewController.swift in Sources */ = {isa = PBXBuildFile; fileRef = 0CF154F72B92A966002E84D0 /* HomeViewController.swift */; };
		0CF154FA2B92AD78002E84D0 /* RegisterViewController.swift in Sources */ = {isa = PBXBuildFile; fileRef = 0CF154F92B92AD78002E84D0 /* RegisterViewController.swift */; };
		210AD32B2B8D6A0100D60970 /* AppDelegate.swift in Sources */ = {isa = PBXBuildFile; fileRef = 210AD32A2B8D6A0100D60970 /* AppDelegate.swift */; };
		210AD32D2B8D6A0100D60970 /* SceneDelegate.swift in Sources */ = {isa = PBXBuildFile; fileRef = 210AD32C2B8D6A0100D60970 /* SceneDelegate.swift */; };
		210AD32F2B8D6A0100D60970 /* ViewController.swift in Sources */ = {isa = PBXBuildFile; fileRef = 210AD32E2B8D6A0100D60970 /* ViewController.swift */; };
		210AD3322B8D6A0100D60970 /* Main.storyboard in Resources */ = {isa = PBXBuildFile; fileRef = 210AD3302B8D6A0100D60970 /* Main.storyboard */; };
		210AD3352B8D6A0100D60970 /* GoTouchGrass.xcdatamodeld in Sources */ = {isa = PBXBuildFile; fileRef = 210AD3332B8D6A0100D60970 /* GoTouchGrass.xcdatamodeld */; };
		210AD3372B8D6A0300D60970 /* Assets.xcassets in Resources */ = {isa = PBXBuildFile; fileRef = 210AD3362B8D6A0300D60970 /* Assets.xcassets */; };
		210AD33A2B8D6A0300D60970 /* LaunchScreen.storyboard in Resources */ = {isa = PBXBuildFile; fileRef = 210AD3382B8D6A0300D60970 /* LaunchScreen.storyboard */; };
		210AD38C2BA3597000D60970 /* MapViewController.swift in Sources */ = {isa = PBXBuildFile; fileRef = 210AD38B2BA3597000D60970 /* MapViewController.swift */; };
		4331A08D2B991713003B5151 /* TimerViewController.swift in Sources */ = {isa = PBXBuildFile; fileRef = 4331A08C2B991713003B5151 /* TimerViewController.swift */; };
		892B527E2BA5262A00DD6149 /* ProfileViewController.swift in Sources */ = {isa = PBXBuildFile; fileRef = 892B527D2BA5262900DD6149 /* ProfileViewController.swift */; };
		892B52822BA52EF200DD6149 /* ProfileSettingsViewController.swift in Sources */ = {isa = PBXBuildFile; fileRef = 892B52812BA52EF200DD6149 /* ProfileSettingsViewController.swift */; };
		892B52842BA67C6500DD6149 /* SetUpViewController.swift in Sources */ = {isa = PBXBuildFile; fileRef = 892B52832BA67C6500DD6149 /* SetUpViewController.swift */; };
		8C3429BC2BA90895000BCC61 /* README.pdf in Resources */ = {isa = PBXBuildFile; fileRef = 8C3429BB2BA90895000BCC61 /* README.pdf */; };
		8C53C58F2B928238000BCC29 /* GoogleService-Info.plist in Resources */ = {isa = PBXBuildFile; fileRef = 8C53C58E2B928238000BCC29 /* GoogleService-Info.plist */; };
		8C53C5922B92826F000BCC29 /* FirebaseAnalytics in Frameworks */ = {isa = PBXBuildFile; productRef = 8C53C5912B92826F000BCC29 /* FirebaseAnalytics */; };
		8C53C5942B92826F000BCC29 /* FirebaseAnalyticsOnDeviceConversion in Frameworks */ = {isa = PBXBuildFile; productRef = 8C53C5932B92826F000BCC29 /* FirebaseAnalyticsOnDeviceConversion */; };
		8C53C5962B92826F000BCC29 /* FirebaseAnalyticsSwift in Frameworks */ = {isa = PBXBuildFile; productRef = 8C53C5952B92826F000BCC29 /* FirebaseAnalyticsSwift */; };
		8C53C5982B92826F000BCC29 /* FirebaseAnalyticsWithoutAdIdSupport in Frameworks */ = {isa = PBXBuildFile; productRef = 8C53C5972B92826F000BCC29 /* FirebaseAnalyticsWithoutAdIdSupport */; };
		8C53C59A2B92826F000BCC29 /* FirebaseAppCheck in Frameworks */ = {isa = PBXBuildFile; productRef = 8C53C5992B92826F000BCC29 /* FirebaseAppCheck */; };
		8CE2F9512BC0AFB1005106AA /* DataDisplayViewController.swift in Sources */ = {isa = PBXBuildFile; fileRef = 8CE2F9502BC0AFB1005106AA /* DataDisplayViewController.swift */; };
		8CE2F9532BC0C01B005106AA /* MapSettingsViewController.swift in Sources */ = {isa = PBXBuildFile; fileRef = 8CE2F9522BC0C01B005106AA /* MapSettingsViewController.swift */; };
		8CEEA9242B8D721800698724 /* Media.xcassets in Resources */ = {isa = PBXBuildFile; fileRef = 8CEEA9232B8D721800698724 /* Media.xcassets */; };
/* End PBXBuildFile section */

/* Begin PBXFileReference section */
		0CE39C912BB77AD300D32E6B /* DatabaseViewController.swift */ = {isa = PBXFileReference; lastKnownFileType = sourcecode.swift; path = DatabaseViewController.swift; sourceTree = "<group>"; };
		0CE39C932BB7808500D32E6B /* UserPrefsModel.swift */ = {isa = PBXFileReference; lastKnownFileType = sourcecode.swift; path = UserPrefsModel.swift; sourceTree = "<group>"; };
		0CF154F52B92A6DD002E84D0 /* LoginViewController.swift */ = {isa = PBXFileReference; lastKnownFileType = sourcecode.swift; path = LoginViewController.swift; sourceTree = "<group>"; };
		0CF154F72B92A966002E84D0 /* HomeViewController.swift */ = {isa = PBXFileReference; lastKnownFileType = sourcecode.swift; path = HomeViewController.swift; sourceTree = "<group>"; };
		0CF154F92B92AD78002E84D0 /* RegisterViewController.swift */ = {isa = PBXFileReference; lastKnownFileType = sourcecode.swift; path = RegisterViewController.swift; sourceTree = "<group>"; };
		210AD3272B8D6A0100D60970 /* GoTouchGrass.app */ = {isa = PBXFileReference; explicitFileType = wrapper.application; includeInIndex = 0; path = GoTouchGrass.app; sourceTree = BUILT_PRODUCTS_DIR; };
		210AD32A2B8D6A0100D60970 /* AppDelegate.swift */ = {isa = PBXFileReference; lastKnownFileType = sourcecode.swift; path = AppDelegate.swift; sourceTree = "<group>"; };
		210AD32C2B8D6A0100D60970 /* SceneDelegate.swift */ = {isa = PBXFileReference; lastKnownFileType = sourcecode.swift; path = SceneDelegate.swift; sourceTree = "<group>"; };
		210AD32E2B8D6A0100D60970 /* ViewController.swift */ = {isa = PBXFileReference; lastKnownFileType = sourcecode.swift; path = ViewController.swift; sourceTree = "<group>"; };
		210AD3312B8D6A0100D60970 /* Base */ = {isa = PBXFileReference; lastKnownFileType = file.storyboard; name = Base; path = Base.lproj/Main.storyboard; sourceTree = "<group>"; };
		210AD3342B8D6A0100D60970 /* GoTouchGrass.xcdatamodel */ = {isa = PBXFileReference; lastKnownFileType = wrapper.xcdatamodel; path = GoTouchGrass.xcdatamodel; sourceTree = "<group>"; };
		210AD3362B8D6A0300D60970 /* Assets.xcassets */ = {isa = PBXFileReference; lastKnownFileType = folder.assetcatalog; path = Assets.xcassets; sourceTree = "<group>"; };
		210AD3392B8D6A0300D60970 /* Base */ = {isa = PBXFileReference; lastKnownFileType = file.storyboard; name = Base; path = Base.lproj/LaunchScreen.storyboard; sourceTree = "<group>"; };
		210AD33B2B8D6A0300D60970 /* Info.plist */ = {isa = PBXFileReference; lastKnownFileType = text.plist.xml; path = Info.plist; sourceTree = "<group>"; };
		210AD38B2BA3597000D60970 /* MapViewController.swift */ = {isa = PBXFileReference; lastKnownFileType = sourcecode.swift; path = MapViewController.swift; sourceTree = "<group>"; };
		4331A08C2B991713003B5151 /* TimerViewController.swift */ = {isa = PBXFileReference; lastKnownFileType = sourcecode.swift; path = TimerViewController.swift; sourceTree = "<group>"; };
		892B527D2BA5262900DD6149 /* ProfileViewController.swift */ = {isa = PBXFileReference; lastKnownFileType = sourcecode.swift; path = ProfileViewController.swift; sourceTree = "<group>"; };
		892B52812BA52EF200DD6149 /* ProfileSettingsViewController.swift */ = {isa = PBXFileReference; lastKnownFileType = sourcecode.swift; path = ProfileSettingsViewController.swift; sourceTree = "<group>"; };
		892B52832BA67C6500DD6149 /* SetUpViewController.swift */ = {isa = PBXFileReference; lastKnownFileType = sourcecode.swift; path = SetUpViewController.swift; sourceTree = "<group>"; };
		8C3429BB2BA90895000BCC61 /* README.pdf */ = {isa = PBXFileReference; lastKnownFileType = image.pdf; path = README.pdf; sourceTree = "<group>"; };
		8C53C58E2B928238000BCC29 /* GoogleService-Info.plist */ = {isa = PBXFileReference; fileEncoding = 4; lastKnownFileType = text.plist.xml; path = "GoogleService-Info.plist"; sourceTree = "<group>"; };
		8C53C59B2B9282E4000BCC29 /* GoTouchGrass.entitlements */ = {isa = PBXFileReference; lastKnownFileType = text.plist.entitlements; path = GoTouchGrass.entitlements; sourceTree = "<group>"; };
		8CE2F9502BC0AFB1005106AA /* DataDisplayViewController.swift */ = {isa = PBXFileReference; lastKnownFileType = sourcecode.swift; path = DataDisplayViewController.swift; sourceTree = "<group>"; };
		8CE2F9522BC0C01B005106AA /* MapSettingsViewController.swift */ = {isa = PBXFileReference; lastKnownFileType = sourcecode.swift; path = MapSettingsViewController.swift; sourceTree = "<group>"; };
		8CEEA9232B8D721800698724 /* Media.xcassets */ = {isa = PBXFileReference; lastKnownFileType = folder.assetcatalog; path = Media.xcassets; sourceTree = "<group>"; };
/* End PBXFileReference section */

/* Begin PBXFrameworksBuildPhase section */
		210AD3242B8D6A0100D60970 /* Frameworks */ = {
			isa = PBXFrameworksBuildPhase;
			buildActionMask = 2147483647;
			files = (
				0CD79F882BB74F7F00AC423E /* FirebaseDatabaseSwift in Frameworks */,
				8C53C5962B92826F000BCC29 /* FirebaseAnalyticsSwift in Frameworks */,
				0C102B5B2B9A993D0050E7EC /* FirebaseAuth in Frameworks */,
				8C53C5922B92826F000BCC29 /* FirebaseAnalytics in Frameworks */,
				8C53C5942B92826F000BCC29 /* FirebaseAnalyticsOnDeviceConversion in Frameworks */,
				8C53C59A2B92826F000BCC29 /* FirebaseAppCheck in Frameworks */,
				0CD79F862BB74F7F00AC423E /* FirebaseDatabase in Frameworks */,
				8C53C5982B92826F000BCC29 /* FirebaseAnalyticsWithoutAdIdSupport in Frameworks */,
			);
			runOnlyForDeploymentPostprocessing = 0;
		};
/* End PBXFrameworksBuildPhase section */

/* Begin PBXGroup section */
		0C102B592B9A993D0050E7EC /* Frameworks */ = {
			isa = PBXGroup;
			children = (
			);
			name = Frameworks;
			sourceTree = "<group>";
		};
		210AD31E2B8D6A0100D60970 = {
			isa = PBXGroup;
			children = (
				0CE39C912BB77AD300D32E6B /* DatabaseViewController.swift */,
				210AD3292B8D6A0100D60970 /* GoTouchGrass */,
				210AD3282B8D6A0100D60970 /* Products */,
				0C102B592B9A993D0050E7EC /* Frameworks */,
			);
			sourceTree = "<group>";
		};
		210AD3282B8D6A0100D60970 /* Products */ = {
			isa = PBXGroup;
			children = (
				210AD3272B8D6A0100D60970 /* GoTouchGrass.app */,
			);
			name = Products;
			sourceTree = "<group>";
		};
		210AD3292B8D6A0100D60970 /* GoTouchGrass */ = {
			isa = PBXGroup;
			children = (
				0CE39C932BB7808500D32E6B /* UserPrefsModel.swift */,
				8C3429BB2BA90895000BCC61 /* README.pdf */,
				8C53C59B2B9282E4000BCC29 /* GoTouchGrass.entitlements */,
				8C53C58E2B928238000BCC29 /* GoogleService-Info.plist */,
				210AD32A2B8D6A0100D60970 /* AppDelegate.swift */,
				210AD32C2B8D6A0100D60970 /* SceneDelegate.swift */,
				210AD32E2B8D6A0100D60970 /* ViewController.swift */,
				0CF154F92B92AD78002E84D0 /* RegisterViewController.swift */,
				0CF154F52B92A6DD002E84D0 /* LoginViewController.swift */,
				0CF154F72B92A966002E84D0 /* HomeViewController.swift */,
				4331A08C2B991713003B5151 /* TimerViewController.swift */,
				210AD3302B8D6A0100D60970 /* Main.storyboard */,
				892B52832BA67C6500DD6149 /* SetUpViewController.swift */,
				8CE2F9502BC0AFB1005106AA /* DataDisplayViewController.swift */,
				892B52812BA52EF200DD6149 /* ProfileSettingsViewController.swift */,
				892B527D2BA5262900DD6149 /* ProfileViewController.swift */,
				8CE2F9522BC0C01B005106AA /* MapSettingsViewController.swift */,
				210AD38B2BA3597000D60970 /* MapViewController.swift */,
				210AD3362B8D6A0300D60970 /* Assets.xcassets */,
				210AD3382B8D6A0300D60970 /* LaunchScreen.storyboard */,
				8CEEA9232B8D721800698724 /* Media.xcassets */,
				210AD33B2B8D6A0300D60970 /* Info.plist */,
				210AD3332B8D6A0100D60970 /* GoTouchGrass.xcdatamodeld */,
			);
			path = GoTouchGrass;
			sourceTree = "<group>";
		};
/* End PBXGroup section */

/* Begin PBXNativeTarget section */
		210AD3262B8D6A0100D60970 /* GoTouchGrass */ = {
			isa = PBXNativeTarget;
			buildConfigurationList = 210AD33E2B8D6A0300D60970 /* Build configuration list for PBXNativeTarget "GoTouchGrass" */;
			buildPhases = (
				210AD3232B8D6A0100D60970 /* Sources */,
				210AD3242B8D6A0100D60970 /* Frameworks */,
				210AD3252B8D6A0100D60970 /* Resources */,
			);
			buildRules = (
			);
			dependencies = (
			);
			name = GoTouchGrass;
			packageProductDependencies = (
				8C53C5912B92826F000BCC29 /* FirebaseAnalytics */,
				8C53C5932B92826F000BCC29 /* FirebaseAnalyticsOnDeviceConversion */,
				8C53C5952B92826F000BCC29 /* FirebaseAnalyticsSwift */,
				8C53C5972B92826F000BCC29 /* FirebaseAnalyticsWithoutAdIdSupport */,
				8C53C5992B92826F000BCC29 /* FirebaseAppCheck */,
				0C102B5A2B9A993D0050E7EC /* FirebaseAuth */,
				0CD79F852BB74F7F00AC423E /* FirebaseDatabase */,
				0CD79F872BB74F7F00AC423E /* FirebaseDatabaseSwift */,
			);
			productName = GoTouchGrass;
			productReference = 210AD3272B8D6A0100D60970 /* GoTouchGrass.app */;
			productType = "com.apple.product-type.application";
		};
/* End PBXNativeTarget section */

/* Begin PBXProject section */
		210AD31F2B8D6A0100D60970 /* Project object */ = {
			isa = PBXProject;
			attributes = {
				BuildIndependentTargetsInParallel = 1;
				LastSwiftUpdateCheck = 1520;
				LastUpgradeCheck = 1520;
				TargetAttributes = {
					210AD3262B8D6A0100D60970 = {
						CreatedOnToolsVersion = 15.2;
					};
				};
			};
			buildConfigurationList = 210AD3222B8D6A0100D60970 /* Build configuration list for PBXProject "GoTouchGrass" */;
			compatibilityVersion = "Xcode 14.0";
			developmentRegion = en;
			hasScannedForEncodings = 0;
			knownRegions = (
				en,
				Base,
			);
			mainGroup = 210AD31E2B8D6A0100D60970;
			packageReferences = (
				8C53C5902B92826F000BCC29 /* XCRemoteSwiftPackageReference "firebase-ios-sdk" */,
			);
			productRefGroup = 210AD3282B8D6A0100D60970 /* Products */;
			projectDirPath = "";
			projectRoot = "";
			targets = (
				210AD3262B8D6A0100D60970 /* GoTouchGrass */,
			);
		};
/* End PBXProject section */

/* Begin PBXResourcesBuildPhase section */
		210AD3252B8D6A0100D60970 /* Resources */ = {
			isa = PBXResourcesBuildPhase;
			buildActionMask = 2147483647;
			files = (
				210AD33A2B8D6A0300D60970 /* LaunchScreen.storyboard in Resources */,
				210AD3372B8D6A0300D60970 /* Assets.xcassets in Resources */,
				8C3429BC2BA90895000BCC61 /* README.pdf in Resources */,
				8C53C58F2B928238000BCC29 /* GoogleService-Info.plist in Resources */,
				8CEEA9242B8D721800698724 /* Media.xcassets in Resources */,
				210AD3322B8D6A0100D60970 /* Main.storyboard in Resources */,
			);
			runOnlyForDeploymentPostprocessing = 0;
		};
/* End PBXResourcesBuildPhase section */

/* Begin PBXSourcesBuildPhase section */
		210AD3232B8D6A0100D60970 /* Sources */ = {
			isa = PBXSourcesBuildPhase;
			buildActionMask = 2147483647;
			files = (
				892B52842BA67C6500DD6149 /* SetUpViewController.swift in Sources */,
				210AD32F2B8D6A0100D60970 /* ViewController.swift in Sources */,
				0CE39C922BB77AD300D32E6B /* DatabaseViewController.swift in Sources */,
				210AD32B2B8D6A0100D60970 /* AppDelegate.swift in Sources */,
				892B527E2BA5262A00DD6149 /* ProfileViewController.swift in Sources */,
				0CE39C942BB7808500D32E6B /* UserPrefsModel.swift in Sources */,
				0CF154FA2B92AD78002E84D0 /* RegisterViewController.swift in Sources */,
				210AD3352B8D6A0100D60970 /* GoTouchGrass.xcdatamodeld in Sources */,
				8CE2F9532BC0C01B005106AA /* MapSettingsViewController.swift in Sources */,
				210AD38C2BA3597000D60970 /* MapViewController.swift in Sources */,
				4331A08D2B991713003B5151 /* TimerViewController.swift in Sources */,
				892B52822BA52EF200DD6149 /* ProfileSettingsViewController.swift in Sources */,
				0CF154F62B92A6DD002E84D0 /* LoginViewController.swift in Sources */,
				210AD32D2B8D6A0100D60970 /* SceneDelegate.swift in Sources */,
				8CE2F9512BC0AFB1005106AA /* DataDisplayViewController.swift in Sources */,
				0CF154F82B92A966002E84D0 /* HomeViewController.swift in Sources */,
			);
			runOnlyForDeploymentPostprocessing = 0;
		};
/* End PBXSourcesBuildPhase section */

/* Begin PBXVariantGroup section */
		210AD3302B8D6A0100D60970 /* Main.storyboard */ = {
			isa = PBXVariantGroup;
			children = (
				210AD3312B8D6A0100D60970 /* Base */,
			);
			name = Main.storyboard;
			sourceTree = "<group>";
		};
		210AD3382B8D6A0300D60970 /* LaunchScreen.storyboard */ = {
			isa = PBXVariantGroup;
			children = (
				210AD3392B8D6A0300D60970 /* Base */,
			);
			name = LaunchScreen.storyboard;
			sourceTree = "<group>";
		};
/* End PBXVariantGroup section */

/* Begin XCBuildConfiguration section */
		210AD33C2B8D6A0300D60970 /* Debug */ = {
			isa = XCBuildConfiguration;
			buildSettings = {
				ALWAYS_SEARCH_USER_PATHS = NO;
				ASSETCATALOG_COMPILER_GENERATE_SWIFT_ASSET_SYMBOL_EXTENSIONS = YES;
				CLANG_ANALYZER_NONNULL = YES;
				CLANG_ANALYZER_NUMBER_OBJECT_CONVERSION = YES_AGGRESSIVE;
				CLANG_CXX_LANGUAGE_STANDARD = "gnu++20";
				CLANG_ENABLE_MODULES = YES;
				CLANG_ENABLE_OBJC_ARC = YES;
				CLANG_ENABLE_OBJC_WEAK = YES;
				CLANG_WARN_BLOCK_CAPTURE_AUTORELEASING = YES;
				CLANG_WARN_BOOL_CONVERSION = YES;
				CLANG_WARN_COMMA = YES;
				CLANG_WARN_CONSTANT_CONVERSION = YES;
				CLANG_WARN_DEPRECATED_OBJC_IMPLEMENTATIONS = YES;
				CLANG_WARN_DIRECT_OBJC_ISA_USAGE = YES_ERROR;
				CLANG_WARN_DOCUMENTATION_COMMENTS = YES;
				CLANG_WARN_EMPTY_BODY = YES;
				CLANG_WARN_ENUM_CONVERSION = YES;
				CLANG_WARN_INFINITE_RECURSION = YES;
				CLANG_WARN_INT_CONVERSION = YES;
				CLANG_WARN_NON_LITERAL_NULL_CONVERSION = YES;
				CLANG_WARN_OBJC_IMPLICIT_RETAIN_SELF = YES;
				CLANG_WARN_OBJC_LITERAL_CONVERSION = YES;
				CLANG_WARN_OBJC_ROOT_CLASS = YES_ERROR;
				CLANG_WARN_QUOTED_INCLUDE_IN_FRAMEWORK_HEADER = YES;
				CLANG_WARN_RANGE_LOOP_ANALYSIS = YES;
				CLANG_WARN_STRICT_PROTOTYPES = YES;
				CLANG_WARN_SUSPICIOUS_MOVE = YES;
				CLANG_WARN_UNGUARDED_AVAILABILITY = YES_AGGRESSIVE;
				CLANG_WARN_UNREACHABLE_CODE = YES;
				CLANG_WARN__DUPLICATE_METHOD_MATCH = YES;
				COPY_PHASE_STRIP = NO;
				DEBUG_INFORMATION_FORMAT = dwarf;
				ENABLE_STRICT_OBJC_MSGSEND = YES;
				ENABLE_TESTABILITY = YES;
				ENABLE_USER_SCRIPT_SANDBOXING = YES;
				GCC_C_LANGUAGE_STANDARD = gnu17;
				GCC_DYNAMIC_NO_PIC = NO;
				GCC_NO_COMMON_BLOCKS = YES;
				GCC_OPTIMIZATION_LEVEL = 0;
				GCC_PREPROCESSOR_DEFINITIONS = (
					"DEBUG=1",
					"$(inherited)",
				);
				GCC_WARN_64_TO_32_BIT_CONVERSION = YES;
				GCC_WARN_ABOUT_RETURN_TYPE = YES_ERROR;
				GCC_WARN_UNDECLARED_SELECTOR = YES;
				GCC_WARN_UNINITIALIZED_AUTOS = YES_AGGRESSIVE;
				GCC_WARN_UNUSED_FUNCTION = YES;
				GCC_WARN_UNUSED_VARIABLE = YES;
				IPHONEOS_DEPLOYMENT_TARGET = 17.2;
				LOCALIZATION_PREFERS_STRING_CATALOGS = YES;
				MTL_ENABLE_DEBUG_INFO = INCLUDE_SOURCE;
				MTL_FAST_MATH = YES;
				ONLY_ACTIVE_ARCH = YES;
				SDKROOT = iphoneos;
				SWIFT_ACTIVE_COMPILATION_CONDITIONS = "DEBUG $(inherited)";
				SWIFT_OPTIMIZATION_LEVEL = "-Onone";
			};
			name = Debug;
		};
		210AD33D2B8D6A0300D60970 /* Release */ = {
			isa = XCBuildConfiguration;
			buildSettings = {
				ALWAYS_SEARCH_USER_PATHS = NO;
				ASSETCATALOG_COMPILER_GENERATE_SWIFT_ASSET_SYMBOL_EXTENSIONS = YES;
				CLANG_ANALYZER_NONNULL = YES;
				CLANG_ANALYZER_NUMBER_OBJECT_CONVERSION = YES_AGGRESSIVE;
				CLANG_CXX_LANGUAGE_STANDARD = "gnu++20";
				CLANG_ENABLE_MODULES = YES;
				CLANG_ENABLE_OBJC_ARC = YES;
				CLANG_ENABLE_OBJC_WEAK = YES;
				CLANG_WARN_BLOCK_CAPTURE_AUTORELEASING = YES;
				CLANG_WARN_BOOL_CONVERSION = YES;
				CLANG_WARN_COMMA = YES;
				CLANG_WARN_CONSTANT_CONVERSION = YES;
				CLANG_WARN_DEPRECATED_OBJC_IMPLEMENTATIONS = YES;
				CLANG_WARN_DIRECT_OBJC_ISA_USAGE = YES_ERROR;
				CLANG_WARN_DOCUMENTATION_COMMENTS = YES;
				CLANG_WARN_EMPTY_BODY = YES;
				CLANG_WARN_ENUM_CONVERSION = YES;
				CLANG_WARN_INFINITE_RECURSION = YES;
				CLANG_WARN_INT_CONVERSION = YES;
				CLANG_WARN_NON_LITERAL_NULL_CONVERSION = YES;
				CLANG_WARN_OBJC_IMPLICIT_RETAIN_SELF = YES;
				CLANG_WARN_OBJC_LITERAL_CONVERSION = YES;
				CLANG_WARN_OBJC_ROOT_CLASS = YES_ERROR;
				CLANG_WARN_QUOTED_INCLUDE_IN_FRAMEWORK_HEADER = YES;
				CLANG_WARN_RANGE_LOOP_ANALYSIS = YES;
				CLANG_WARN_STRICT_PROTOTYPES = YES;
				CLANG_WARN_SUSPICIOUS_MOVE = YES;
				CLANG_WARN_UNGUARDED_AVAILABILITY = YES_AGGRESSIVE;
				CLANG_WARN_UNREACHABLE_CODE = YES;
				CLANG_WARN__DUPLICATE_METHOD_MATCH = YES;
				COPY_PHASE_STRIP = NO;
				DEBUG_INFORMATION_FORMAT = "dwarf-with-dsym";
				ENABLE_NS_ASSERTIONS = NO;
				ENABLE_STRICT_OBJC_MSGSEND = YES;
				ENABLE_USER_SCRIPT_SANDBOXING = YES;
				GCC_C_LANGUAGE_STANDARD = gnu17;
				GCC_NO_COMMON_BLOCKS = YES;
				GCC_WARN_64_TO_32_BIT_CONVERSION = YES;
				GCC_WARN_ABOUT_RETURN_TYPE = YES_ERROR;
				GCC_WARN_UNDECLARED_SELECTOR = YES;
				GCC_WARN_UNINITIALIZED_AUTOS = YES_AGGRESSIVE;
				GCC_WARN_UNUSED_FUNCTION = YES;
				GCC_WARN_UNUSED_VARIABLE = YES;
				IPHONEOS_DEPLOYMENT_TARGET = 17.2;
				LOCALIZATION_PREFERS_STRING_CATALOGS = YES;
				MTL_ENABLE_DEBUG_INFO = NO;
				MTL_FAST_MATH = YES;
				SDKROOT = iphoneos;
				SWIFT_COMPILATION_MODE = wholemodule;
				VALIDATE_PRODUCT = YES;
			};
			name = Release;
		};
		210AD33F2B8D6A0300D60970 /* Debug */ = {
			isa = XCBuildConfiguration;
			buildSettings = {
				ASSETCATALOG_COMPILER_APPICON_NAME = AppIcon;
				ASSETCATALOG_COMPILER_GLOBAL_ACCENT_COLOR_NAME = AccentColor;
				CODE_SIGN_ENTITLEMENTS = GoTouchGrass/GoTouchGrass.entitlements;
				CODE_SIGN_STYLE = Automatic;
				CURRENT_PROJECT_VERSION = 1;
				DEVELOPMENT_TEAM = KUW3J63R43;
				GENERATE_INFOPLIST_FILE = YES;
				INFOPLIST_FILE = GoTouchGrass/Info.plist;
				INFOPLIST_KEY_NSLocationAlwaysAndWhenInUseUsageDescription = "The app uses location information to track your breaks and find nearby break locations.";
				INFOPLIST_KEY_NSLocationUsageDescription = "GoTouchGrass requires location services to function.";
				INFOPLIST_KEY_NSLocationWhenInUseUsageDescription = "Location is used to show the map.";
				INFOPLIST_KEY_UIApplicationSupportsIndirectInputEvents = YES;
				INFOPLIST_KEY_UILaunchStoryboardName = LaunchScreen;
				INFOPLIST_KEY_UIMainStoryboardFile = Main;
				INFOPLIST_KEY_UISupportedInterfaceOrientations = UIInterfaceOrientationPortrait;
				INFOPLIST_KEY_UISupportedInterfaceOrientations_iPad = "UIInterfaceOrientationPortrait UIInterfaceOrientationPortraitUpsideDown";
				LD_RUNPATH_SEARCH_PATHS = (
					"$(inherited)",
					"@executable_path/Frameworks",
				);
				MARKETING_VERSION = 1.0;
				PRODUCT_BUNDLE_IDENTIFIER = gtg.GoTouchGrass;
				PRODUCT_NAME = "$(TARGET_NAME)";
				SWIFT_EMIT_LOC_STRINGS = YES;
				SWIFT_VERSION = 5.0;
				TARGETED_DEVICE_FAMILY = "1,2";
			};
			name = Debug;
		};
		210AD3402B8D6A0300D60970 /* Release */ = {
			isa = XCBuildConfiguration;
			buildSettings = {
				ASSETCATALOG_COMPILER_APPICON_NAME = AppIcon;
				ASSETCATALOG_COMPILER_GLOBAL_ACCENT_COLOR_NAME = AccentColor;
				CODE_SIGN_ENTITLEMENTS = GoTouchGrass/GoTouchGrass.entitlements;
				CODE_SIGN_STYLE = Automatic;
				CURRENT_PROJECT_VERSION = 1;
				DEVELOPMENT_TEAM = KUW3J63R43;
				GENERATE_INFOPLIST_FILE = YES;
				INFOPLIST_FILE = GoTouchGrass/Info.plist;
				INFOPLIST_KEY_NSLocationAlwaysAndWhenInUseUsageDescription = "The app uses location information to track your breaks and find nearby break locations.";
				INFOPLIST_KEY_NSLocationUsageDescription = "GoTouchGrass requires location services to function.";
				INFOPLIST_KEY_NSLocationWhenInUseUsageDescription = "Location is used to show the map.";
				INFOPLIST_KEY_UIApplicationSupportsIndirectInputEvents = YES;
				INFOPLIST_KEY_UILaunchStoryboardName = LaunchScreen;
				INFOPLIST_KEY_UIMainStoryboardFile = Main;
				INFOPLIST_KEY_UISupportedInterfaceOrientations = UIInterfaceOrientationPortrait;
				INFOPLIST_KEY_UISupportedInterfaceOrientations_iPad = "UIInterfaceOrientationPortrait UIInterfaceOrientationPortraitUpsideDown";
				LD_RUNPATH_SEARCH_PATHS = (
					"$(inherited)",
					"@executable_path/Frameworks",
				);
				MARKETING_VERSION = 1.0;
				PRODUCT_BUNDLE_IDENTIFIER = gtg.GoTouchGrass;
				PRODUCT_NAME = "$(TARGET_NAME)";
				SWIFT_EMIT_LOC_STRINGS = YES;
				SWIFT_VERSION = 5.0;
				TARGETED_DEVICE_FAMILY = "1,2";
			};
			name = Release;
		};
/* End XCBuildConfiguration section */

/* Begin XCConfigurationList section */
		210AD3222B8D6A0100D60970 /* Build configuration list for PBXProject "GoTouchGrass" */ = {
			isa = XCConfigurationList;
			buildConfigurations = (
				210AD33C2B8D6A0300D60970 /* Debug */,
				210AD33D2B8D6A0300D60970 /* Release */,
			);
			defaultConfigurationIsVisible = 0;
			defaultConfigurationName = Release;
		};
		210AD33E2B8D6A0300D60970 /* Build configuration list for PBXNativeTarget "GoTouchGrass" */ = {
			isa = XCConfigurationList;
			buildConfigurations = (
				210AD33F2B8D6A0300D60970 /* Debug */,
				210AD3402B8D6A0300D60970 /* Release */,
			);
			defaultConfigurationIsVisible = 0;
			defaultConfigurationName = Release;
		};
/* End XCConfigurationList section */

/* Begin XCRemoteSwiftPackageReference section */
		8C53C5902B92826F000BCC29 /* XCRemoteSwiftPackageReference "firebase-ios-sdk" */ = {
			isa = XCRemoteSwiftPackageReference;
			repositoryURL = "https://github.com/firebase/firebase-ios-sdk";
			requirement = {
				kind = upToNextMajorVersion;
				minimumVersion = 10.21.0;
			};
		};
/* End XCRemoteSwiftPackageReference section */

/* Begin XCSwiftPackageProductDependency section */
		0C102B5A2B9A993D0050E7EC /* FirebaseAuth */ = {
			isa = XCSwiftPackageProductDependency;
			package = 8C53C5902B92826F000BCC29 /* XCRemoteSwiftPackageReference "firebase-ios-sdk" */;
			productName = FirebaseAuth;
		};
		0CD79F852BB74F7F00AC423E /* FirebaseDatabase */ = {
			isa = XCSwiftPackageProductDependency;
			package = 8C53C5902B92826F000BCC29 /* XCRemoteSwiftPackageReference "firebase-ios-sdk" */;
			productName = FirebaseDatabase;
		};
		0CD79F872BB74F7F00AC423E /* FirebaseDatabaseSwift */ = {
			isa = XCSwiftPackageProductDependency;
			package = 8C53C5902B92826F000BCC29 /* XCRemoteSwiftPackageReference "firebase-ios-sdk" */;
			productName = FirebaseDatabaseSwift;
		};
		8C53C5912B92826F000BCC29 /* FirebaseAnalytics */ = {
			isa = XCSwiftPackageProductDependency;
			package = 8C53C5902B92826F000BCC29 /* XCRemoteSwiftPackageReference "firebase-ios-sdk" */;
			productName = FirebaseAnalytics;
		};
		8C53C5932B92826F000BCC29 /* FirebaseAnalyticsOnDeviceConversion */ = {
			isa = XCSwiftPackageProductDependency;
			package = 8C53C5902B92826F000BCC29 /* XCRemoteSwiftPackageReference "firebase-ios-sdk" */;
			productName = FirebaseAnalyticsOnDeviceConversion;
		};
		8C53C5952B92826F000BCC29 /* FirebaseAnalyticsSwift */ = {
			isa = XCSwiftPackageProductDependency;
			package = 8C53C5902B92826F000BCC29 /* XCRemoteSwiftPackageReference "firebase-ios-sdk" */;
			productName = FirebaseAnalyticsSwift;
		};
		8C53C5972B92826F000BCC29 /* FirebaseAnalyticsWithoutAdIdSupport */ = {
			isa = XCSwiftPackageProductDependency;
			package = 8C53C5902B92826F000BCC29 /* XCRemoteSwiftPackageReference "firebase-ios-sdk" */;
			productName = FirebaseAnalyticsWithoutAdIdSupport;
		};
		8C53C5992B92826F000BCC29 /* FirebaseAppCheck */ = {
			isa = XCSwiftPackageProductDependency;
			package = 8C53C5902B92826F000BCC29 /* XCRemoteSwiftPackageReference "firebase-ios-sdk" */;
			productName = FirebaseAppCheck;
		};
/* End XCSwiftPackageProductDependency section */

/* Begin XCVersionGroup section */
		210AD3332B8D6A0100D60970 /* GoTouchGrass.xcdatamodeld */ = {
			isa = XCVersionGroup;
			children = (
				210AD3342B8D6A0100D60970 /* GoTouchGrass.xcdatamodel */,
			);
			currentVersion = 210AD3342B8D6A0100D60970 /* GoTouchGrass.xcdatamodel */;
			path = GoTouchGrass.xcdatamodeld;
			sourceTree = "<group>";
			versionGroupType = wrapper.xcdatamodel;
		};
/* End XCVersionGroup section */
	};
	rootObject = 210AD31F2B8D6A0100D60970 /* Project object */;
}
